# This file is automatically @generated by Cargo.
# It is not intended for manual editing.
version = 3

[[package]]
name = "memchr"
version = "2.3.4"
source = "registry+https://github.com/rust-lang/crates.io-index"
checksum = "0ee1c47aaa256ecabcaea351eae4a9b01ef39ed810004e298d2511ed284b1525"

[[package]]
name = "nom"
version = "7.0.0-alpha2"
source = "registry+https://github.com/rust-lang/crates.io-index"
checksum = "39881f3ef37da4bfa8ce3478d840baaed5fdfc6560c0b91006924ec191a756bf"
dependencies = [
 "memchr",
 "version_check",
]

[[package]]
name = "steam-parse"
version = "0.1.0"
dependencies = [
 "vdf-parse",
]

[[package]]
name = "vdf-parse"
version = "0.1.0"
dependencies = [
 "nom",
]

[[package]]
name = "version_check"
version = "0.9.3"
source = "registry+https://github.com/rust-lang/crates.io-index"
checksum = "5fecdca9a5291cc2b8dcf7dc02453fee791a280f3743cb0905f8822ae463b3fe"
